
Microsoft Visual Studio Solution File, Format Version 12.00
# Visual Studio Version 17
VisualStudioVersion = 17.0.31903.59
MinimumVisualStudioVersion = 10.0.40219.1
Project("{2150E333-8FDC-42A3-9474-1A3956D46DE8}") = "src", "src", "{229594C2-48A3-4073-9771-D9145B8E43A8}"
EndProject
Project("{2150E333-8FDC-42A3-9474-1A3956D46DE8}") = "Shared", "Shared", "{1C87EB44-9435-488C-83B6-7BA148A5AA50}"
EndProject
Project("{9A19103F-16F7-4668-BE54-9A1E7A4F7556}") = "BundaHubManager", "src\BundaHubManager\BundaHubManager.csproj", "{CEF33187-C2D2-4504-A444-EC2B00D44401}"
EndProject
Project("{9A19103F-16F7-4668-BE54-9A1E7A4F7556}") = "Domain", "src\Shared\Domain\Domain.csproj", "{D6580233-26A0-4DD3-AB13-6C14EB6A22CA}"
EndProject
Global
	GlobalSection(SolutionConfigurationPlatforms) = preSolution
		Debug|Any CPU = Debug|Any CPU
		Release|Any CPU = Release|Any CPU
	EndGlobalSection
	GlobalSection(ProjectConfigurationPlatforms) = postSolution
		{CEF33187-C2D2-4504-A444-EC2B00D44401}.Debug|Any CPU.ActiveCfg = Debug|Any CPU
		{CEF33187-C2D2-4504-A444-EC2B00D44401}.Debug|Any CPU.Build.0 = Debug|Any CPU
		{CEF33187-C2D2-4504-A444-EC2B00D44401}.Release|Any CPU.ActiveCfg = Release|Any CPU
		{CEF33187-C2D2-4504-A444-EC2B00D44401}.Release|Any CPU.Build.0 = Release|Any CPU
		{D6580233-26A0-4DD3-AB13-6C14EB6A22CA}.Debug|Any CPU.ActiveCfg = Debug|Any CPU
		{D6580233-26A0-4DD3-AB13-6C14EB6A22CA}.Debug|Any CPU.Build.0 = Debug|Any CPU
		{D6580233-26A0-4DD3-AB13-6C14EB6A22CA}.Release|Any CPU.ActiveCfg = Release|Any CPU
		{D6580233-26A0-4DD3-AB13-6C14EB6A22CA}.Release|Any CPU.Build.0 = Release|Any CPU
	EndGlobalSection
	GlobalSection(SolutionProperties) = preSolution
		HideSolutionNode = FALSE
	EndGlobalSection
	GlobalSection(NestedProjects) = preSolution
		{1C87EB44-9435-488C-83B6-7BA148A5AA50} = {229594C2-48A3-4073-9771-D9145B8E43A8}
		{CEF33187-C2D2-4504-A444-EC2B00D44401} = {229594C2-48A3-4073-9771-D9145B8E43A8}
		{D6580233-26A0-4DD3-AB13-6C14EB6A22CA} = {1C87EB44-9435-488C-83B6-7BA148A5AA50}
	EndGlobalSection
	GlobalSection(ExtensibilityGlobals) = postSolution
		SolutionGuid = {9C60ECA9-7387-4716-838B-F4FC26BC81FC}
	EndGlobalSection
EndGlobal
